PODS:
  - ModuleResourceLoader (1.0.0)

DEPENDENCIES:
  - ModuleResourceLoader (from `../`)

EXTERNAL SOURCES:
  ModuleResourceLoader:
    :path: "../"

SPEC CHECKSUMS:
  ModuleResourceLoader: 826aa2b5088a26ae951094664b703505ab492796

PODFILE CHECKSUM: 52d6dd5d1bb78d7145a5bd466b641171002d942c

COCOAPODS: 1.16.2
